{
  "name": "sar-industries-network-platform",
  "version": "2.3.0",
  "lockfileVersion": 3,
  "requires": true,
  "packages": {
    "": {
      "name": "sar-industries-network-platform",
      "version": "2.3.0",
      "private": true,
      "dependencies": {
        "next": "14.2.35",
        "react": "18.3.1",
        "react-dom": "18.3.1"
      },
      "devDependencies": {
        "@types/node": "20.19.1",
        "@types/react": "18.3.23",
        "@types/react-dom": "18.3.7",
        "typescript": "5.9.2"
      }
    },
    "node_modules/@next/env": {
      "version": "14.2.35",
      "resolved": "https://registry.npmjs.org/@next/env/-/env-14.2.35.tgz",
      "integrity": "sha512-7vNZjHigXN5UHZ9YxVb6EB79DI12Jw/k37VLCFSgEvfEBJKMCl4xNZgNZUBVu4LF/hhMUXQlVvMGOvvJVHKjSw=="
    },
    "node_modules/@next/swc-darwin-arm64": {
      "version": "14.2.35",
      "resolved": "https://registry.npmjs.org/@next/swc-darwin-arm64/-/swc-darwin-arm64-14.2.35.tgz",
      "integrity": "sha512-z6cBLTvqr43gkbKJjTjmJGDwCJXhWxLQJRWcFVZmwWVmQtPDiHUvlkdwNVfJDpFpL5T8LqKmvpDvpDlKNa+sg==",
      "cpu": [
        "arm64"
      ],
      "optional": true,
      "os": [
        "darwin"
      ]
    },
    "node_modules/@next/swc-darwin-x64": {
      "version": "14.2.35",
      "resolved": "https://registry.npmjs.org/@next/swc-darwin-x64/-/swc-darwin-x64-14.2.35.tgz",
      "integrity": "sha512-EK8ZXdGwfIvvjHg7/B4dRwGhTJXLlWNCQi99ZS3pX3gYQm2V1hZSfklGmL40X9QqNfICczR7xv2fL8+qVvGELQ==",
      "cpu": [
        "x64"
      ],
      "optional": true,
      "os": [
        "darwin"
      ]
    },
    "node_modules/@next/swc-linux-arm64-gnu": {
      "version": "14.2.35",
      "resolved": "https://registry.npmjs.org/@next/swc-linux-arm64-gnu/-/swc-linux-arm64-gnu-14.2.35.tgz",
      "integrity": "sha512-oKn4gNFG6X7E7wVZPLN8S7A8vAjdAL1nNfvKqpBCPz1M9CfWL9K0c9P1J2Jy2O0j4z06Yk2X3G7KXVV/Dkfblg==",
      "cpu": [
        "arm64"
      ],
      "optional": true,
      "os": [
        "linux"
      ]
    },
    "node_modules/@next/swc-linux-arm64-musl": {
      "version": "14.2.35",
      "resolved": "https://registry.npmjs.org/@next/swc-linux-arm64-musl/-/swc-linux-arm64-musl-14.2.35.tgz",
      "integrity": "sha512-MWlakxQh5eF6Yb8r5cDJ6KDubfbhfKdXJHfO9O+pY8f1Pm5oDxDEJRW+1O3xYLOXU+J1dQy4ecW3SjxGk3c8A==",
      "cpu": [
        "arm64"
      ],
      "optional": true,
      "os": [
        "linux"
      ]
    },
    "node_modules/@next/swc-linux-x64-gnu": {
      "version": "14.2.35",
      "resolved": "https://registry.npmjs.org/@next/swc-linux-x64-gnu/-/swc-linux-x64-gnu-14.2.35.tgz",
      "integrity": "sha512-MZCnJgX4vFv0MX0qJrQQxHr7rHNNOlAX8/RaWVEPPGb2xR5r3kNLMkT+QkIr1RNlUKXVdg5jCqHjnJz2HFxpQ==",
      "cpu": [
        "x64"
      ],
      "optional": true,
      "os": [
        "linux"
      ]
    },
    "node_modules/@next/swc-linux-x64-musl": {
      "version": "14.2.35",
      "resolved": "https://registry.npmjs.org/@next/swc-linux-x64-musl/-/swc-linux-x64-musl-14.2.35.tgz",
      "integrity": "sha512-jWX4tEqBrvb5NrFP3wN1iGpNgRmKyYPi9GC4a0Xxj5b6hHrKcGqQVoCAF3rGHq3z6VnNFRGeLq01N5PCb0Z/+Q==",
      "cpu": [
        "x64"
      ],
      "optional": true,
      "os": [
        "linux"
      ]
    },
    "node_modules/@next/swc-win32-arm64-msvc": {
      "version": "14.2.35",
      "resolved": "https://registry.npmjs.org/@next/swc-win32-arm64-msvc/-/swc-win32-arm64-msvc-14.2.35.tgz",
      "integrity": "sha512-iJ2k1kS3M1Rl3yx/MxkWJ5B1pLwLUHXkz0LZcL10YFQlvr5I0p4G0GBKnYFxXPNFhE3j32DqjPAb0G3Xx7Qpg==",
      "cpu": [
        "arm64"
      ],
      "optional": true,
      "os": [
        "win32"
      ]
    },
    "node_modules/@next/swc-win32-ia32-msvc": {
      "version": "14.2.35",
      "resolved": "https://registry.npmjs.org/@next/swc-win32-ia32-msvc/-/swc-win32-ia32-msvc-14.2.35.tgz",
      "integrity": "sha512-7AQqXXUgmCwkxDv6E+a1hMsgVWzpvTqvBIBRuZUYG4m7Cyu2Ny3sM6jL5V0T3bKRjjYuPAQAGRCgGlr2C9FAYw==",
      "cpu": [
        "ia32"
      ],
      "optional": true,
      "os": [
        "win32"
      ]
    },
    "node_modules/@next/swc-win32-x64-msvc": {
      "version": "14.2.35",
      "resolved": "https://registry.npmjs.org/@next/swc-win32-x64-msvc/-/swc-win32-x64-msvc-14.2.35.tgz",
      "integrity": "sha512-Z0Xqe5Z9LFfvJDKAr6rB0kqJQvavM0gQTvVILQnDL/v4W/3lMrOw9a3j5tpT3r3v8NjYOJOhHMFj6cXEpGKpfg==",
      "cpu": [
        "x64"
      ],
      "optional": true,
      "os": [
        "win32"
      ]
    },
    "node_modules/@types/node": {
      "version": "20.19.1",
      "resolved": "https://registry.npmjs.org/@types/node/-/node-20.19.1.tgz",
      "integrity": "sha512-qWnyHhQKqRV9LnvIpTLJlRdBN8rnQrJwqx4v+4dMvAMWa8fRXNKyWJPmC3wX+/jJLo5aRpNL1C7pCJQaeFb3bQ==",
      "dev": true
    },
    "node_modules/@types/react": {
      "version": "18.3.23",
      "resolved": "https://registry.npmjs.org/@types/react/-/react-18.3.23.tgz",
      "integrity": "sha512-nlEn6/4/y0JrxY69W2OcRw1s5J1/b+X+NYvlZ5d8DlQkGBs/9H8HJqwhm5r0Q/oUPJ/P1RwKvbGSfQb1nBPTnw==",
      "dev": true,
      "dependencies": {
        "@types/react-dom": "^18.3.0"
      }
    },
    "node_modules/@types/react-dom": {
      "version": "18.3.7",
      "resolved": "https://registry.npmjs.org/@types/react-dom/-/react-dom-18.3.7.tgz",
      "integrity": "sha512-1TLgrVi+F+ZwZ5UEhQmRXkGY0TuJ/dVahD0JHBkSsmSm6gKbqKEwI3oa7F0d3UaWu/T6laTJKQ6cUe3CYY4fGw==",
      "dev": true,
      "dependencies": {
        "@types/react": "*"
      }
    },
    "node_modules/next": {
      "version": "14.2.35",
      "resolved": "https://registry.npmjs.org/next/-/next-14.2.35.tgz",
      "integrity": "sha512-7vNZjHigXN5UHZ9YxVb6EB79DI12Jw/k37VLCFSgEvfEBJKMCl4xNZgNZUBVu4LF/hhMUXQlVvMGOvvJVHKjSw==",
      "dependencies": {
        "@next/env": "14.2.35",
        "@next/swc-darwin-arm64": "14.2.35",
        "@next/swc-darwin-x64": "14.2.35",
        "@next/swc-linux-arm64-gnu": "14.2.35",
        "@next/swc-linux-arm64-musl": "14.2.35",
        "@next/swc-linux-x64-gnu": "14.2.35",
        "@next/swc-linux-x64-musl": "14.2.35",
        "@next/swc-win32-arm64-msvc": "14.2.35",
        "@next/swc-win32-ia32-msvc": "14.2.35",
        "@next/swc-win32-x64-msvc": "14.2.35",
        "caniuse-lite": "^1.0.30001641",
        "postcss": "^8",
        "styled-jsx": "5.1.1"
      },
      "bin": {
        "next": "dist/bin/next"
      },
      "engines": {
        "node": ">=18.17.0"
      },
      "peerDependencies": {
        "@opentelemetry/api": "^1.1.0",
        "@opentelemetry/sdk-node": "^0.51.1",
        "@opentelemetry/sdk-trace-node": "^0.51.1",
        "react": "^18.2.0",
        "react-dom": "^18.2.0"
      },
      "peerDependenciesOptional": {
        "@opentelemetry/api": "^1.1.0",
        "@opentelemetry/sdk-node": "^0.51.1",
        "@opentelemetry/sdk-trace-node": "^0.51.1"
      }
    },
    "node_modules/react": {
      "version": "18.3.1",
      "resolved": "https://registry.npmjs.org/react/-/react-18.3.1.tgz",
      "integrity": "sha512-wS+hAgJShR0KhG5q5IfSIkwvNsm7f0OjVjW7E37wvsR4A0KpzgaJd2Yd/tz5Z1a7f+HKzfcxYVVlPpXVK+6xA==",
      "dependencies": {
        "loose-envify": "^1.1.0"
      },
      "engines": {
        "node": ">=0.10.0"
      }
    },
    "node_modules/react-dom": {
      "version": "18.3.1",
      "resolved": "https://registry.npmjs.org/react-dom/-/react-dom-18.3.1.tgz",
      "integrity": "sha512-H4c1FvTgQV8meFgWHBbw7w8DHvW1v2oHjSF0y3P1E9f0n3KAqzEWo2UrXUV7R7vVK7YLCQt/7Knd9CvnZZxmA==",
      "dependencies": {
        "loose-envify": "^1.1.0",
        "scheduler": "^0.23.0"
      },
      "peerDependencies": {
        "react": "^18.3.0"
      },
      "engines": {
        "node": ">=0.10.0"
      }
    },
    "node_modules/styled-jsx": {
      "version": "5.1.1",
      "resolved": "https://registry.npmjs.org/styled-jsx/-/styled-jsx-5.1.1.tgz",
      "integrity": "sha512-pW7uC1l4mBZ8ugbiZrcIsiIvVx1UmTfw7UkC3Um2tmfUq9Bhk8IiyEIPl6F8agHgjzku6j0xQEZbfA5uSgSaCw==",
      "dependencies": {
        "client-only": "0.0.1"
      },
      "engines": {
        "node": ">= 12.0.0"
      },
      "peerDependencies": {
        "react": "^16.8.0 || ^17.0.0 || ^18.0.0"
      }
    },
    "node_modules/caniuse-lite": {
      "version": "1.0.30001641",
      "resolved": "https://registry.npmjs.org/caniuse-lite/-/caniuse-lite-1.0.30001641.tgz",
      "integrity": "sha512-LxUkHvuqJ6C0c/YT4+aN7xQG6/0RVvGdLfPvjpqxsB8A6+5PjLR+6P1ycD4xT91xOTqlDXC0F6LN0KbO1xT4g=="
    },
    "node_modules/scheduler": {
      "version": "0.23.0",
      "resolved": "https://registry.npmjs.org/scheduler/-/scheduler-0.23.0.tgz",
      "integrity": "sha512-CtuI6XwVyRapbjcAeIVVXn/oCkkIcNXiSluCaKH2/W4c+ZompzmX+2v+KqJ3dVAMoRCQ/F4SkMmd06aaYeabrA=="
    },
    "node_modules/client-only": {
      "version": "0.0.1",
      "resolved": "https://registry.npmjs.org/client-only/-/client-only-0.0.1.tgz",
      "integrity": "sha512-IV3Ou0jSMzZrd3pZ48nLkT9DA7Ag1pnPzaiQkboog9c34NZYyNjYtEQe3/aJKHB2NujV/ywhvD2YeeF50LnRA7w=="
    },
    "node_modules/loose-envify": {
      "version": "1.4.0",
      "resolved": "https://registry.npmjs.org/loose-envify/-/loose-envify-1.4.0.tgz",
      "integrity": "sha512-lyuxPGr/wvjpsPlxerne+CO3ci7DjqnatIlQ4zunoPYecQSBqq5iYNlp+5UgMKaCVPQvSnqsKAjQoccF5+Nw+Xg==",
      "dependencies": {
        "js-tokens": "^3.0.0"
      },
      "bin": {
        "loose-envify": "loose-envify"
      }
    },
    "node_modules/js-tokens": {
      "version": "3.0.2",
      "resolved": "https://registry.npmjs.org/js-tokens/-/js-tokens-3.0.2.tgz",
      "integrity": "sha512-RjTcuD4lWzhskCUJsbIWP1Knj7LoHVfMetXow93PNqLvduVH50o08jbTY4s81EQceHeHeKNdVWksKUT2nMzmhw=="
    },
    "node_modules/postcss": {
      "version": "8.4.47",
      "resolved": "https://registry.npmjs.org/postcss/-/postcss-8.4.47.tgz",
      "integrity": "sha512-/cerrQKK5a5NP4ffn1nF5gJaqeZBr/6xvBHsF1f9FBTNd01kP3dj6+0hN5fPGGpU9gFTZ6VpJNp5pXZURXaW5w==",
      "dependencies": {
        "nanoid": "^3.3.7",
        "picocolors": "^1.1.0",
        "source-map-js": "^1.2.1"
      },
      "engines": {
        "node": "^10 || ^12 || >=14"
      }
    },
    "node_modules/nanoid": {
      "version": "3.3.8",
      "resolved": "https://registry.npmjs.org/nanoid/-/nanoid-3.3.8.tgz",
      "integrity": "sha512-WNLvPimaso6Z0rMHq2KotqTQtsFLUUAs+4DkpLGPV8N4i/G0+63nSK271rm2Y0vMZnuc+RPkEHTviFc5+hi7rg=="
    },
    "node_modules/picocolors": {
      "version": "1.1.1",
      "resolved": "https://registry.npmjs.org/picocolors/-/picocolors-1.1.1.tgz",
      "integrity": "sha512-xceUvD9MHWX4jks0i0xF2PBWCZu2TP8vO0SvqhPp+tK5e8+y2rH3hlyMHBWLgYH5VYr0lEHmBV8F8ZwHZCllgw=="
    },
    "node_modules/source-map-js": {
      "version": "1.2.2",
      "resolved": "https://registry.npmjs.org/source-map-js/-/source-map-js-1.2.2.tgz",
      "integrity": "sha512-Z6EBoCYd5C3SQnCO9fIJY+0Z8cjqirY0F8d1cF+jKGKNpPfDhqM/FJ5B9TL+0EkYdSC60XW8Fy7P3ZX0TIwzQ=="
    },
    "node_modules/typescript": {
      "version": "5.9.2",
      "resolved": "https://registry.npmjs.org/typescript/-/typescript-5.9.2.tgz",
      "integrity": "sha512-KrQ9c3yqm/oFaAOmjUEZVjMlRZm0s3f7KrKrJaGMBj/xc0xpwG2WNLdJoLYCLOCWDqM2wHXW9rZrZy5T0pXXVg==",
      "dev": true,
      "bin": {
        "tsc": "bin/tsc",
        "tsserver": "bin/tsserver"
      },
      "engines": {
        "node": ">=16.3.0"
      }
    }
  }
}
